
Microsoft Visual Studio Solution File, Format Version 12.00
# Visual Studio 2013
VisualStudioVersion = 12.0.31101.0
MinimumVisualStudioVersion = 10.0.40219.1
Project("{2150E333-8FDC-42A3-9474-1A3956D46DE8}") = ".nuget", ".nuget", "{EB62E7A4-A736-4417-A015-13A78D18193C}"
	ProjectSection(SolutionItems) = preProject
		.nuget\NuGet.Config = .nuget\NuGet.Config
		.nuget\NuGet.exe = .nuget\NuGet.exe
	EndProjectSection
EndProject
Project("{FAE04EC0-301F-11D3-BF4B-00C04F79EFBC}") = "Turnos.Model", "Turnos.Model\Turnos.Model.csproj", "{9E34DAB9-5414-4D93-9E65-AFDF1E141F3B}"
EndProject
Project("{FAE04EC0-301F-11D3-BF4B-00C04F79EFBC}") = "Turnos.Test", "Turnos.Test\Turnos.Test.csproj", "{7CC5A63E-5081-447D-8D10-17C35F73FA9A}"
EndProject
Global
	GlobalSection(SolutionConfigurationPlatforms) = preSolution
		Debug|Any CPU = Debug|Any CPU
		Release|Any CPU = Release|Any CPU
	EndGlobalSection
	GlobalSection(ProjectConfigurationPlatforms) = postSolution
		{9E34DAB9-5414-4D93-9E65-AFDF1E141F3B}.Debug|Any CPU.ActiveCfg = Debug|Any CPU
		{9E34DAB9-5414-4D93-9E65-AFDF1E141F3B}.Debug|Any CPU.Build.0 = Debug|Any CPU
		{9E34DAB9-5414-4D93-9E65-AFDF1E141F3B}.Release|Any CPU.ActiveCfg = Release|Any CPU
		{9E34DAB9-5414-4D93-9E65-AFDF1E141F3B}.Release|Any CPU.Build.0 = Release|Any CPU
		{7CC5A63E-5081-447D-8D10-17C35F73FA9A}.Debug|Any CPU.ActiveCfg = Debug|Any CPU
		{7CC5A63E-5081-447D-8D10-17C35F73FA9A}.Debug|Any CPU.Build.0 = Debug|Any CPU
		{7CC5A63E-5081-447D-8D10-17C35F73FA9A}.Release|Any CPU.ActiveCfg = Release|Any CPU
		{7CC5A63E-5081-447D-8D10-17C35F73FA9A}.Release|Any CPU.Build.0 = Release|Any CPU
	EndGlobalSection
	GlobalSection(SolutionProperties) = preSolution
		HideSolutionNode = FALSE
	EndGlobalSection
EndGlobal
